# THIS IS AN AUTOGENERATED FILE. DO NOT EDIT THIS FILE DIRECTLY.
# yarn lockfile v1


"@nathanvda/cocoon@^1.2.14":
  version "1.2.14"
  resolved "https://registry.yarnpkg.com/@nathanvda/cocoon/-/cocoon-1.2.14.tgz#aaea910e4b9c0d28d5bdcb7f3743617db46b09af"
  integrity sha512-WcEt2vVp50de2i7rkD4O+96O1iMtMIcTBNGPocrHfcmHDujKOngoLHFF8Ektgoh8PjwFAJMxx8WyGv0BtKTjxQ==
  dependencies:
    jquery "^3.3.1"

jquery@^3.3.1:
  version "3.6.3"
  resolved "https://registry.yarnpkg.com/jquery/-/jquery-3.6.3.tgz#23ed2ffed8a19e048814f13391a19afcdba160e6"
  integrity sha512-bZ5Sy3YzKo9Fyc8wH2iIQK4JImJ6R0GWI9kL1/k7Z91ZBNgkRXE6U0JfHIizZbort8ZunhSI3jw9I6253ahKfg==
